
Microsoft Visual Studio Solution File, Format Version 12.00
# Visual Studio Version 17
VisualStudioVersion = 17.7.34031.279
MinimumVisualStudioVersion = 10.0.40219.1
Project("{FAE04EC0-301F-11D3-BF4B-00C04F79EFBC}") = "BulkyWeb", "BulkyWeb\BulkyWeb.csproj", "{95B19D11-2983-49BB-AC60-21D39A88D2D8}"
EndProject
Global
	GlobalSection(SolutionConfigurationPlatforms) = preSolution
		Debug|Any CPU = Debug|Any CPU
		Release|Any CPU = Release|Any CPU
	EndGlobalSection
	GlobalSection(ProjectConfigurationPlatforms) = postSolution
		{95B19D11-2983-49BB-AC60-21D39A88D2D8}.Debug|Any CPU.ActiveCfg = Debug|Any CPU
		{95B19D11-2983-49BB-AC60-21D39A88D2D8}.Debug|Any CPU.Build.0 = Debug|Any CPU
		{95B19D11-2983-49BB-AC60-21D39A88D2D8}.Release|Any CPU.ActiveCfg = Release|Any CPU
		{95B19D11-2983-49BB-AC60-21D39A88D2D8}.Release|Any CPU.Build.0 = Release|Any CPU
	EndGlobalSection
	GlobalSection(SolutionProperties) = preSolution
		HideSolutionNode = FALSE
	EndGlobalSection
	GlobalSection(ExtensibilityGlobals) = postSolution
		SolutionGuid = {5D866308-BDC3-4EB0-A771-41BD1D82D628}
	EndGlobalSection
EndGlobal
